
Microsoft Visual Studio Solution File, Format Version 12.00
# Visual Studio Version 16
VisualStudioVersion = 16.0.30114.105
MinimumVisualStudioVersion = 10.0.40219.1
Project("{FAE04EC0-301F-11D3-BF4B-00C04F79EFBC}") = "Linq using Lamda  Expressions", "Linq using Lamda  Expressions\Linq using Lamda  Expressions.csproj", "{9B498D60-290A-4FB0-8180-E80BD803951A}"
EndProject
Global
	GlobalSection(SolutionConfigurationPlatforms) = preSolution
		Debug|Any CPU = Debug|Any CPU
		Release|Any CPU = Release|Any CPU
	EndGlobalSection
	GlobalSection(ProjectConfigurationPlatforms) = postSolution
		{9B498D60-290A-4FB0-8180-E80BD803951A}.Debug|Any CPU.ActiveCfg = Debug|Any CPU
		{9B498D60-290A-4FB0-8180-E80BD803951A}.Debug|Any CPU.Build.0 = Debug|Any CPU
		{9B498D60-290A-4FB0-8180-E80BD803951A}.Release|Any CPU.ActiveCfg = Release|Any CPU
		{9B498D60-290A-4FB0-8180-E80BD803951A}.Release|Any CPU.Build.0 = Release|Any CPU
	EndGlobalSection
	GlobalSection(SolutionProperties) = preSolution
		HideSolutionNode = FALSE
	EndGlobalSection
	GlobalSection(ExtensibilityGlobals) = postSolution
		SolutionGuid = {952179A8-BC2F-4987-A10D-7EEA269FF96E}
	EndGlobalSection
EndGlobal
